
Microsoft Visual Studio Solution File, Format Version 12.00
# Visual Studio Version 16
VisualStudioVersion = 16.0.31005.135
MinimumVisualStudioVersion = 10.0.40219.1
Project("{FAE04EC0-301F-11D3-BF4B-00C04F79EFBC}") = "CustomListNew", "CustomListNew\CustomListNew.csproj", "{DD727FF6-A676-4B12-9884-F329CE536FE4}"
EndProject
Project("{FAE04EC0-301F-11D3-BF4B-00C04F79EFBC}") = "CustomListUnitTesting", "CustomListUnitTesting\CustomListUnitTesting.csproj", "{6053AA52-D095-4DF7-A0A6-91ED6CAFB6D3}"
EndProject
Project("{FAE04EC0-301F-11D3-BF4B-00C04F79EFBC}") = "RemoveUnitTest", "RemoveUnitTest\RemoveUnitTest.csproj", "{A18ABAFD-9986-4E35-A58A-6A12B61D9307}"
EndProject
Project("{FAE04EC0-301F-11D3-BF4B-00C04F79EFBC}") = "ToStringUnitTest", "ToStringUnitTest\ToStringUnitTest.csproj", "{C8A925E5-36FD-4DF8-84E9-86EB52251D84}"
EndProject
Global
	GlobalSection(SolutionConfigurationPlatforms) = preSolution
		Debug|Any CPU = Debug|Any CPU
		Release|Any CPU = Release|Any CPU
	EndGlobalSection
	GlobalSection(ProjectConfigurationPlatforms) = postSolution
		{DD727FF6-A676-4B12-9884-F329CE536FE4}.Debug|Any CPU.ActiveCfg = Debug|Any CPU
		{DD727FF6-A676-4B12-9884-F329CE536FE4}.Debug|Any CPU.Build.0 = Debug|Any CPU
		{DD727FF6-A676-4B12-9884-F329CE536FE4}.Release|Any CPU.ActiveCfg = Release|Any CPU
		{DD727FF6-A676-4B12-9884-F329CE536FE4}.Release|Any CPU.Build.0 = Release|Any CPU
		{6053AA52-D095-4DF7-A0A6-91ED6CAFB6D3}.Debug|Any CPU.ActiveCfg = Debug|Any CPU
		{6053AA52-D095-4DF7-A0A6-91ED6CAFB6D3}.Debug|Any CPU.Build.0 = Debug|Any CPU
		{6053AA52-D095-4DF7-A0A6-91ED6CAFB6D3}.Release|Any CPU.ActiveCfg = Release|Any CPU
		{6053AA52-D095-4DF7-A0A6-91ED6CAFB6D3}.Release|Any CPU.Build.0 = Release|Any CPU
		{A18ABAFD-9986-4E35-A58A-6A12B61D9307}.Debug|Any CPU.ActiveCfg = Debug|Any CPU
		{A18ABAFD-9986-4E35-A58A-6A12B61D9307}.Debug|Any CPU.Build.0 = Debug|Any CPU
		{A18ABAFD-9986-4E35-A58A-6A12B61D9307}.Release|Any CPU.ActiveCfg = Release|Any CPU
		{A18ABAFD-9986-4E35-A58A-6A12B61D9307}.Release|Any CPU.Build.0 = Release|Any CPU
		{C8A925E5-36FD-4DF8-84E9-86EB52251D84}.Debug|Any CPU.ActiveCfg = Debug|Any CPU
		{C8A925E5-36FD-4DF8-84E9-86EB52251D84}.Debug|Any CPU.Build.0 = Debug|Any CPU
		{C8A925E5-36FD-4DF8-84E9-86EB52251D84}.Release|Any CPU.ActiveCfg = Release|Any CPU
		{C8A925E5-36FD-4DF8-84E9-86EB52251D84}.Release|Any CPU.Build.0 = Release|Any CPU
	EndGlobalSection
	GlobalSection(SolutionProperties) = preSolution
		HideSolutionNode = FALSE
	EndGlobalSection
	GlobalSection(ExtensibilityGlobals) = postSolution
		SolutionGuid = {2C3C86B2-7A69-469A-BDB8-2CEF0011B614}
	EndGlobalSection
EndGlobal
